
Microsoft Visual Studio Solution File, Format Version 12.00
# Visual Studio Version 17
VisualStudioVersion = 17.5.002.0
MinimumVisualStudioVersion = 10.0.40219.1
Project("{9A19103F-16F7-4668-BE54-9A1E7A4F7556}") = "GamgeeCompanion", "GamgeeCompanion\GamgeeCompanion.csproj", "{BDF1B7F1-406F-4B2F-B17F-77A09F7E22A5}"
EndProject
Global
	GlobalSection(SolutionConfigurationPlatforms) = preSolution
		Debug|Any CPU = Debug|Any CPU
		Release|Any CPU = Release|Any CPU
	EndGlobalSection
	GlobalSection(ProjectConfigurationPlatforms) = postSolution
		{BDF1B7F1-406F-4B2F-B17F-77A09F7E22A5}.Debug|Any CPU.ActiveCfg = Debug|Any CPU
		{BDF1B7F1-406F-4B2F-B17F-77A09F7E22A5}.Debug|Any CPU.Build.0 = Debug|Any CPU
		{BDF1B7F1-406F-4B2F-B17F-77A09F7E22A5}.Release|Any CPU.ActiveCfg = Release|Any CPU
		{BDF1B7F1-406F-4B2F-B17F-77A09F7E22A5}.Release|Any CPU.Build.0 = Release|Any CPU
	EndGlobalSection
	GlobalSection(SolutionProperties) = preSolution
		HideSolutionNode = FALSE
	EndGlobalSection
	GlobalSection(ExtensibilityGlobals) = postSolution
		SolutionGuid = {AA28A7A8-DC56-4694-A94D-06A2861C41BE}
	EndGlobalSection
EndGlobal
